
Microsoft Visual Studio Solution File, Format Version 12.00
# Visual Studio Version 16
VisualStudioVersion = 16.0.31729.503
MinimumVisualStudioVersion = 10.0.40219.1
Project("{FAE04EC0-301F-11D3-BF4B-00C04F79EFBC}") = "BongoNirman", "BongoNirman.csproj", "{B0EB4519-FD78-4253-8942-D641602FB983}"
EndProject
Global
	GlobalSection(SolutionConfigurationPlatforms) = preSolution
		Debug|Any CPU = Debug|Any CPU
		Release|Any CPU = Release|Any CPU
	EndGlobalSection
	GlobalSection(ProjectConfigurationPlatforms) = postSolution
		{B0EB4519-FD78-4253-8942-D641602FB983}.Debug|Any CPU.ActiveCfg = Debug|Any CPU
		{B0EB4519-FD78-4253-8942-D641602FB983}.Debug|Any CPU.Build.0 = Debug|Any CPU
		{B0EB4519-FD78-4253-8942-D641602FB983}.Release|Any CPU.ActiveCfg = Release|Any CPU
		{B0EB4519-FD78-4253-8942-D641602FB983}.Release|Any CPU.Build.0 = Release|Any CPU
	EndGlobalSection
	GlobalSection(SolutionProperties) = preSolution
		HideSolutionNode = FALSE
	EndGlobalSection
	GlobalSection(ExtensibilityGlobals) = postSolution
		SolutionGuid = {14DE96D9-A1B2-4379-A5A9-8B8BF8B5DB4E}
	EndGlobalSection
EndGlobal
